// !$*UTF8*$!
{
	archiveVersion = 1;
	classes = {
	};
	objectVersion = 50;
	objects = {

/* Begin PBXBuildFile section */
		047F1CAAF23F6A3147BC72C7 /* Pods_ARKIT2_0Tests.framework in Frameworks */ = {isa = PBXBuildFile; fileRef = F897F13BAE4EAD5F6C47EECC /* Pods_ARKIT2_0Tests.framework */; };
		2C75CC41C44E1A1D164501EF /* Pods_ARKIT2_0.framework in Frameworks */ = {isa = PBXBuildFile; fileRef = 5BB653BF5960987425AE77B0 /* Pods_ARKIT2_0.framework */; };
		2DAC977BAD77BFFD8EB5CB62 /* Pods_ARKIT2_0UITests.framework in Frameworks */ = {isa = PBXBuildFile; fileRef = A7A51C1BD3309EB0F7CE8066 /* Pods_ARKIT2_0UITests.framework */; };
		8AF1A2CA2105A3FB0054C113 /* AppDelegate.swift in Sources */ = {isa = PBXBuildFile; fileRef = 8AF1A2C92105A3FB0054C113 /* AppDelegate.swift */; };
		8AF1A2CC2105A3FB0054C113 /* ViewController.swift in Sources */ = {isa = PBXBuildFile; fileRef = 8AF1A2CB2105A3FB0054C113 /* ViewController.swift */; };
		8AF1A2CF2105A3FB0054C113 /* Main.storyboard in Resources */ = {isa = PBXBuildFile; fileRef = 8AF1A2CD2105A3FB0054C113 /* Main.storyboard */; };
		8AF1A2D12105A3FC0054C113 /* Assets.xcassets in Resources */ = {isa = PBXBuildFile; fileRef = 8AF1A2D02105A3FC0054C113 /* Assets.xcassets */; };
		8AF1A2D42105A3FC0054C113 /* LaunchScreen.storyboard in Resources */ = {isa = PBXBuildFile; fileRef = 8AF1A2D22105A3FC0054C113 /* LaunchScreen.storyboard */; };
		8AF1A2DF2105A3FC0054C113 /* ARKIT2_0Tests.swift in Sources */ = {isa = PBXBuildFile; fileRef = 8AF1A2DE2105A3FC0054C113 /* ARKIT2_0Tests.swift */; };
		8AF1A2EA2105A3FC0054C113 /* ARKIT2_0UITests.swift in Sources */ = {isa = PBXBuildFile; fileRef = 8AF1A2E92105A3FC0054C113 /* ARKIT2_0UITests.swift */; };
/* End PBXBuildFile section */

/* Begin PBXContainerItemProxy section */
		8AF1A2DB2105A3FC0054C113 /* PBXContainerItemProxy */ = {
			isa = PBXContainerItemProxy;
			containerPortal = 8AF1A2BE2105A3FB0054C113 /* Project object */;
			proxyType = 1;
			remoteGlobalIDString = 8AF1A2C52105A3FB0054C113;
			remoteInfo = ARKIT2.0;
		};
		8AF1A2E62105A3FC0054C113 /* PBXContainerItemProxy */ = {
			isa = PBXContainerItemProxy;
			containerPortal = 8AF1A2BE2105A3FB0054C113 /* Project object */;
			proxyType = 1;
			remoteGlobalIDString = 8AF1A2C52105A3FB0054C113;
			remoteInfo = ARKIT2.0;
		};
/* End PBXContainerItemProxy section */

/* Begin PBXFileReference section */
		1D707A74E76E2B5738193753 /* Pods-ARKIT2.0UITests.release.xcconfig */ = {isa = PBXFileReference; includeInIndex = 1; lastKnownFileType = text.xcconfig; name = "Pods-ARKIT2.0UITests.release.xcconfig"; path = "Pods/Target Support Files/Pods-ARKIT2.0UITests/Pods-ARKIT2.0UITests.release.xcconfig"; sourceTree = "<group>"; };
		3631B7C75F97225172EE71F7 /* Pods-ARKIT2.0Tests.release.xcconfig */ = {isa = PBXFileReference; includeInIndex = 1; lastKnownFileType = text.xcconfig; name = "Pods-ARKIT2.0Tests.release.xcconfig"; path = "Pods/Target Support Files/Pods-ARKIT2.0Tests/Pods-ARKIT2.0Tests.release.xcconfig"; sourceTree = "<group>"; };
		53828575D4848ECF96C3749C /* Pods-ARKIT2.0Tests.debug.xcconfig */ = {isa = PBXFileReference; includeInIndex = 1; lastKnownFileType = text.xcconfig; name = "Pods-ARKIT2.0Tests.debug.xcconfig"; path = "Pods/Target Support Files/Pods-ARKIT2.0Tests/Pods-ARKIT2.0Tests.debug.xcconfig"; sourceTree = "<group>"; };
		5BB653BF5960987425AE77B0 /* Pods_ARKIT2_0.framework */ = {isa = PBXFileReference; explicitFileType = wrapper.framework; includeInIndex = 0; path = Pods_ARKIT2_0.framework; sourceTree = BUILT_PRODUCTS_DIR; };
		5C420FD8EA3CD1B4179E3846 /* Pods-ARKIT2.0.release.xcconfig */ = {isa = PBXFileReference; includeInIndex = 1; lastKnownFileType = text.xcconfig; name = "Pods-ARKIT2.0.release.xcconfig"; path = "Pods/Target Support Files/Pods-ARKIT2.0/Pods-ARKIT2.0.release.xcconfig"; sourceTree = "<group>"; };
		8AF1A2C62105A3FB0054C113 /* ARKIT2.0.app */ = {isa = PBXFileReference; explicitFileType = wrapper.application; includeInIndex = 0; path = ARKIT2.0.app; sourceTree = BUILT_PRODUCTS_DIR; };
		8AF1A2C92105A3FB0054C113 /* AppDelegate.swift */ = {isa = PBXFileReference; lastKnownFileType = sourcecode.swift; path = AppDelegate.swift; sourceTree = "<group>"; };
		8AF1A2CB2105A3FB0054C113 /* ViewController.swift */ = {isa = PBXFileReference; lastKnownFileType = sourcecode.swift; path = ViewController.swift; sourceTree = "<group>"; };
		8AF1A2CE2105A3FB0054C113 /* Base */ = {isa = PBXFileReference; lastKnownFileType = file.storyboard; name = Base; path = Base.lproj/Main.storyboard; sourceTree = "<group>"; };
		8AF1A2D02105A3FC0054C113 /* Assets.xcassets */ = {isa = PBXFileReference; lastKnownFileType = folder.assetcatalog; path = Assets.xcassets; sourceTree = "<group>"; };
		8AF1A2D32105A3FC0054C113 /* Base */ = {isa = PBXFileReference; lastKnownFileType = file.storyboard; name = Base; path = Base.lproj/LaunchScreen.storyboard; sourceTree = "<group>"; };
		8AF1A2D52105A3FC0054C113 /* Info.plist */ = {isa = PBXFileReference; lastKnownFileType = text.plist.xml; path = Info.plist; sourceTree = "<group>"; };
		8AF1A2DA2105A3FC0054C113 /* ARKIT2.0Tests.xctest */ = {isa = PBXFileReference; explicitFileType = wrapper.cfbundle; includeInIndex = 0; path = ARKIT2.0Tests.xctest; sourceTree = BUILT_PRODUCTS_DIR; };
		8AF1A2DE2105A3FC0054C113 /* ARKIT2_0Tests.swift */ = {isa = PBXFileReference; lastKnownFileType = sourcecode.swift; path = ARKIT2_0Tests.swift; sourceTree = "<group>"; };
		8AF1A2E02105A3FC0054C113 /* Info.plist */ = {isa = PBXFileReference; lastKnownFileType = text.plist.xml; path = Info.plist; sourceTree = "<group>"; };
		8AF1A2E52105A3FC0054C113 /* ARKIT2.0UITests.xctest */ = {isa = PBXFileReference; explicitFileType = wrapper.cfbundle; includeInIndex = 0; path = ARKIT2.0UITests.xctest; sourceTree = BUILT_PRODUCTS_DIR; };
		8AF1A2E92105A3FC0054C113 /* ARKIT2_0UITests.swift */ = {isa = PBXFileReference; lastKnownFileType = sourcecode.swift; path = ARKIT2_0UITests.swift; sourceTree = "<group>"; };
		8AF1A2EB2105A3FC0054C113 /* Info.plist */ = {isa = PBXFileReference; lastKnownFileType = text.plist.xml; path = Info.plist; sourceTree = "<group>"; };
		A7A51C1BD3309EB0F7CE8066 /* Pods_ARKIT2_0UITests.framework */ = {isa = PBXFileReference; explicitFileType = wrapper.framework; includeInIndex = 0; path = Pods_ARKIT2_0UITests.framework; sourceTree = BUILT_PRODUCTS_DIR; };
		A9C89509BA7461599FCF2DC5 /* Pods-ARKIT2.0UITests.debug.xcconfig */ = {isa = PBXFileReference; includeInIndex = 1; lastKnownFileType = text.xcconfig; name = "Pods-ARKIT2.0UITests.debug.xcconfig"; path = "Pods/Target Support Files/Pods-ARKIT2.0UITests/Pods-ARKIT2.0UITests.debug.xcconfig"; sourceTree = "<group>"; };
		EE347C8659D82A5D74185CB0 /* Pods-ARKIT2.0.debug.xcconfig */ = {isa = PBXFileReference; includeInIndex = 1; lastKnownFileType = text.xcconfig; name = "Pods-ARKIT2.0.debug.xcconfig"; path = "Pods/Target Support Files/Pods-ARKIT2.0/Pods-ARKIT2.0.debug.xcconfig"; sourceTree = "<group>"; };
		F897F13BAE4EAD5F6C47EECC /* Pods_ARKIT2_0Tests.framework */ = {isa = PBXFileReference; explicitFileType = wrapper.framework; includeInIndex = 0; path = Pods_ARKIT2_0Tests.framework; sourceTree = BUILT_PRODUCTS_DIR; };
/* End PBXFileReference section */

/* Begin PBXFrameworksBuildPhase section */
		8AF1A2C32105A3FB0054C113 /* Frameworks */ = {
			isa = PBXFrameworksBuildPhase;
			buildActionMask = 2147483647;
			files = (
				2C75CC41C44E1A1D164501EF /* Pods_ARKIT2_0.framework in Frameworks */,
			);
			runOnlyForDeploymentPostprocessing = 0;
		};
		8AF1A2D72105A3FC0054C113 /* Frameworks */ = {
			isa = PBXFrameworksBuildPhase;
			buildActionMask = 2147483647;
			files = (
				047F1CAAF23F6A3147BC72C7 /* Pods_ARKIT2_0Tests.framework in Frameworks */,
			);
			runOnlyForDeploymentPostprocessing = 0;
		};
		8AF1A2E22105A3FC0054C113 /* Frameworks */ = {
			isa = PBXFrameworksBuildPhase;
			buildActionMask = 2147483647;
			files = (
				2DAC977BAD77BFFD8EB5CB62 /* Pods_ARKIT2_0UITests.framework in Frameworks */,
			);
			runOnlyForDeploymentPostprocessing = 0;
		};
/* End PBXFrameworksBuildPhase section */

/* Begin PBXGroup section */
		8AF1A2BD2105A3FB0054C113 = {
			isa = PBXGroup;
			children = (
				8AF1A2C82105A3FB0054C113 /* ARKIT2.0 */,
				8AF1A2DD2105A3FC0054C113 /* ARKIT2.0Tests */,
				8AF1A2E82105A3FC0054C113 /* ARKIT2.0UITests */,
				8AF1A2C72105A3FB0054C113 /* Products */,
				E71941616311FF597A16491B /* Pods */,
				FADDB2880A271CE367167EDD /* Frameworks */,
			);
			sourceTree = "<group>";
		};
		8AF1A2C72105A3FB0054C113 /* Products */ = {
			isa = PBXGroup;
			children = (
				8AF1A2C62105A3FB0054C113 /* ARKIT2.0.app */,
				8AF1A2DA2105A3FC0054C113 /* ARKIT2.0Tests.xctest */,
				8AF1A2E52105A3FC0054C113 /* ARKIT2.0UITests.xctest */,
			);
			name = Products;
			sourceTree = "<group>";
		};
		8AF1A2C82105A3FB0054C113 /* ARKIT2.0 */ = {
			isa = PBXGroup;
			children = (
				8AF1A2C92105A3FB0054C113 /* AppDelegate.swift */,
				8AF1A2CB2105A3FB0054C113 /* ViewController.swift */,
				8AF1A2CD2105A3FB0054C113 /* Main.storyboard */,
				8AF1A2D02105A3FC0054C113 /* Assets.xcassets */,
				8AF1A2D22105A3FC0054C113 /* LaunchScreen.storyboard */,
				8AF1A2D52105A3FC0054C113 /* Info.plist */,
			);
			path = ARKIT2.0;
			sourceTree = "<group>";
		};
		8AF1A2DD2105A3FC0054C113 /* ARKIT2.0Tests */ = {
			isa = PBXGroup;
			children = (
				8AF1A2DE2105A3FC0054C113 /* ARKIT2_0Tests.swift */,
				8AF1A2E02105A3FC0054C113 /* Info.plist */,
			);
			path = ARKIT2.0Tests;
			sourceTree = "<group>";
		};
		8AF1A2E82105A3FC0054C113 /* ARKIT2.0UITests */ = {
			isa = PBXGroup;
			children = (
				8AF1A2E92105A3FC0054C113 /* ARKIT2_0UITests.swift */,
				8AF1A2EB2105A3FC0054C113 /* Info.plist */,
			);
			path = ARKIT2.0UITests;
			sourceTree = "<group>";
		};
		E71941616311FF597A16491B /* Pods */ = {
			isa = PBXGroup;
			children = (
				EE347C8659D82A5D74185CB0 /* Pods-ARKIT2.0.debug.xcconfig */,
				5C420FD8EA3CD1B4179E3846 /* Pods-ARKIT2.0.release.xcconfig */,
				53828575D4848ECF96C3749C /* Pods-ARKIT2.0Tests.debug.xcconfig */,
				3631B7C75F97225172EE71F7 /* Pods-ARKIT2.0Tests.release.xcconfig */,
				A9C89509BA7461599FCF2DC5 /* Pods-ARKIT2.0UITests.debug.xcconfig */,
				1D707A74E76E2B5738193753 /* Pods-ARKIT2.0UITests.release.xcconfig */,
			);
			name = Pods;
			sourceTree = "<group>";
		};
		FADDB2880A271CE367167EDD /* Frameworks */ = {
			isa = PBXGroup;
			children = (
				5BB653BF5960987425AE77B0 /* Pods_ARKIT2_0.framework */,
				F897F13BAE4EAD5F6C47EECC /* Pods_ARKIT2_0Tests.framework */,
				A7A51C1BD3309EB0F7CE8066 /* Pods_ARKIT2_0UITests.framework */,
			);
			name = Frameworks;
			sourceTree = "<group>";
		};
/* End PBXGroup section */

/* Begin PBXNativeTarget section */
		8AF1A2C52105A3FB0054C113 /* ARKIT2.0 */ = {
			isa = PBXNativeTarget;
			buildConfigurationList = 8AF1A2EE2105A3FC0054C113 /* Build configuration list for PBXNativeTarget "ARKIT2.0" */;
			buildPhases = (
				889684733979E24717B35DD9 /* [CP] Check Pods Manifest.lock */,
				8AF1A2C22105A3FB0054C113 /* Sources */,
				8AF1A2C32105A3FB0054C113 /* Frameworks */,
				8AF1A2C42105A3FB0054C113 /* Resources */,
				62016E266504E698AFF7DA4A /* [CP] Embed Pods Frameworks */,
			);
			buildRules = (
			);
			dependencies = (
			);
			name = ARKIT2.0;
			productName = ARKIT2.0;
			productReference = 8AF1A2C62105A3FB0054C113 /* ARKIT2.0.app */;
			productType = "com.apple.product-type.application";
		};
		8AF1A2D92105A3FC0054C113 /* ARKIT2.0Tests */ = {
			isa = PBXNativeTarget;
			buildConfigurationList = 8AF1A2F12105A3FC0054C113 /* Build configuration list for PBXNativeTarget "ARKIT2.0Tests" */;
			buildPhases = (
				B5AB0F2ECF5093591D6F806B /* [CP] Check Pods Manifest.lock */,
				8AF1A2D62105A3FC0054C113 /* Sources */,
				8AF1A2D72105A3FC0054C113 /* Frameworks */,
				8AF1A2D82105A3FC0054C113 /* Resources */,
			);
			buildRules = (
			);
			dependencies = (
				8AF1A2DC2105A3FC0054C113 /* PBXTargetDependency */,
			);
			name = ARKIT2.0Tests;
			productName = ARKIT2.0Tests;
			productReference = 8AF1A2DA2105A3FC0054C113 /* ARKIT2.0Tests.xctest */;
			productType = "com.apple.product-type.bundle.unit-test";
		};
		8AF1A2E42105A3FC0054C113 /* ARKIT2.0UITests */ = {
			isa = PBXNativeTarget;
			buildConfigurationList = 8AF1A2F42105A3FC0054C113 /* Build configuration list for PBXNativeTarget "ARKIT2.0UITests" */;
			buildPhases = (
				1A3A6493D6AA4B2507798742 /* [CP] Check Pods Manifest.lock */,
				8AF1A2E12105A3FC0054C113 /* Sources */,
				8AF1A2E22105A3FC0054C113 /* Frameworks */,
				8AF1A2E32105A3FC0054C113 /* Resources */,
			);
			buildRules = (
			);
			dependencies = (
				8AF1A2E72105A3FC0054C113 /* PBXTargetDependency */,
			);
			name = ARKIT2.0UITests;
			productName = ARKIT2.0UITests;
			productReference = 8AF1A2E52105A3FC0054C113 /* ARKIT2.0UITests.xctest */;
			productType = "com.apple.product-type.bundle.ui-testing";
		};
/* End PBXNativeTarget section */

/* Begin PBXProject section */
		8AF1A2BE2105A3FB0054C113 /* Project object */ = {
			isa = PBXProject;
			attributes = {
				LastSwiftUpdateCheck = 0940;
				LastUpgradeCheck = 0940;
				ORGANIZATIONNAME = Sandeep;
				TargetAttributes = {
					8AF1A2C52105A3FB0054C113 = {
						CreatedOnToolsVersion = 9.4.1;
					};
					8AF1A2D92105A3FC0054C113 = {
						CreatedOnToolsVersion = 9.4.1;
						TestTargetID = 8AF1A2C52105A3FB0054C113;
					};
					8AF1A2E42105A3FC0054C113 = {
						CreatedOnToolsVersion = 9.4.1;
						TestTargetID = 8AF1A2C52105A3FB0054C113;
					};
				};
			};
			buildConfigurationList = 8AF1A2C12105A3FB0054C113 /* Build configuration list for PBXProject "ARKIT2.0" */;
			compatibilityVersion = "Xcode 9.3";
			developmentRegion = en;
			hasScannedForEncodings = 0;
			knownRegions = (
				en,
				Base,
			);
			mainGroup = 8AF1A2BD2105A3FB0054C113;
			productRefGroup = 8AF1A2C72105A3FB0054C113 /* Products */;
			projectDirPath = "";
			projectRoot = "";
			targets = (
				8AF1A2C52105A3FB0054C113 /* ARKIT2.0 */,
				8AF1A2D92105A3FC0054C113 /* ARKIT2.0Tests */,
				8AF1A2E42105A3FC0054C113 /* ARKIT2.0UITests */,
			);
		};
/* End PBXProject section */

/* Begin PBXResourcesBuildPhase section */
		8AF1A2C42105A3FB0054C113 /* Resources */ = {
			isa = PBXResourcesBuildPhase;
			buildActionMask = 2147483647;
			files = (
				8AF1A2D42105A3FC0054C113 /* LaunchScreen.storyboard in Resources */,
				8AF1A2D12105A3FC0054C113 /* Assets.xcassets in Resources */,
				8AF1A2CF2105A3FB0054C113 /* Main.storyboard in Resources */,
			);
			runOnlyForDeploymentPostprocessing = 0;
		};
		8AF1A2D82105A3FC0054C113 /* Resources */ = {
			isa = PBXResourcesBuildPhase;
			buildActionMask = 2147483647;
			files = (
			);
			runOnlyForDeploymentPostprocessing = 0;
		};
		8AF1A2E32105A3FC0054C113 /* Resources */ = {
			isa = PBXResourcesBuildPhase;
			buildActionMask = 2147483647;
			files = (
			);
			runOnlyForDeploymentPostprocessing = 0;
		};
/* End PBXResourcesBuildPhase section */

/* Begin PBXShellScriptBuildPhase section */
		1A3A6493D6AA4B2507798742 /* [CP] Check Pods Manifest.lock */ = {
			isa = PBXShellScriptBuildPhase;
			buildActionMask = 2147483647;
			files = (
			);
			inputPaths = (
				"${PODS_PODFILE_DIR_PATH}/Podfile.lock",
				"${PODS_ROOT}/Manifest.lock",
			);
			name = "[CP] Check Pods Manifest.lock";
			outputPaths = (
				"$(DERIVED_FILE_DIR)/Pods-ARKIT2.0UITests-checkManifestLockResult.txt",
			);
			runOnlyForDeploymentPostprocessing = 0;
			shellPath = /bin/sh;
			shellScript = "diff \"${PODS_PODFILE_DIR_PATH}/Podfile.lock\" \"${PODS_ROOT}/Manifest.lock\" > /dev/null\nif [ $? != 0 ] ; then\n    # print error to STDERR\n    echo \"error: The sandbox is not in sync with the Podfile.lock. Run 'pod install' or update your CocoaPods installation.\" >&2\n    exit 1\nfi\n# This output is used by Xcode 'outputs' to avoid re-running this script phase.\necho \"SUCCESS\" > \"${SCRIPT_OUTPUT_FILE_0}\"\n";
			showEnvVarsInLog = 0;
		};
		62016E266504E698AFF7DA4A /* [CP] Embed Pods Frameworks */ = {
			isa = PBXShellScriptBuildPhase;
			buildActionMask = 2147483647;
			files = (
			);
			inputPaths = (
				"${SRCROOT}/Pods/Target Support Files/Pods-ARKIT2.0/Pods-ARKIT2.0-frameworks.sh",
				"${BUILT_PRODUCTS_DIR}/Realm/Realm.framework",
				"${BUILT_PRODUCTS_DIR}/RealmSwift/RealmSwift.framework",
				"${BUILT_PRODUCTS_DIR}/XCDYouTubeKit/XCDYouTubeKit.framework",
			);
			name = "[CP] Embed Pods Frameworks";
			outputPaths = (
				"${TARGET_BUILD_DIR}/${FRAMEWORKS_FOLDER_PATH}/Realm.framework",
				"${TARGET_BUILD_DIR}/${FRAMEWORKS_FOLDER_PATH}/RealmSwift.framework",
				"${TARGET_BUILD_DIR}/${FRAMEWORKS_FOLDER_PATH}/XCDYouTubeKit.framework",
			);
			runOnlyForDeploymentPostprocessing = 0;
			shellPath = /bin/sh;
			shellScript = "\"${SRCROOT}/Pods/Target Support Files/Pods-ARKIT2.0/Pods-ARKIT2.0-frameworks.sh\"\n";
			showEnvVarsInLog = 0;
		};
		889684733979E24717B35DD9 /* [CP] Check Pods Manifest.lock */ = {
			isa = PBXShellScriptBuildPhase;
			buildActionMask = 2147483647;
			files = (
			);
			inputPaths = (
				"${PODS_PODFILE_DIR_PATH}/Podfile.lock",
				"${PODS_ROOT}/Manifest.lock",
			);
			name = "[CP] Check Pods Manifest.lock";
			outputPaths = (
				"$(DERIVED_FILE_DIR)/Pods-ARKIT2.0-checkManifestLockResult.txt",
			);
			runOnlyForDeploymentPostprocessing = 0;
			shellPath = /bin/sh;
			shellScript = "diff \"${PODS_PODFILE_DIR_PATH}/Podfile.lock\" \"${PODS_ROOT}/Manifest.lock\" > /dev/null\nif [ $? != 0 ] ; then\n    # print error to STDERR\n    echo \"error: The sandbox is not in sync with the Podfile.lock. Run 'pod install' or update your CocoaPods installation.\" >&2\n    exit 1\nfi\n# This output is used by Xcode 'outputs' to avoid re-running this script phase.\necho \"SUCCESS\" > \"${SCRIPT_OUTPUT_FILE_0}\"\n";
			showEnvVarsInLog = 0;
		};
		B5AB0F2ECF5093591D6F806B /* [CP] Check Pods Manifest.lock */ = {
			isa = PBXShellScriptBuildPhase;
			buildActionMask = 2147483647;
			files = (
			);
			inputPaths = (
				"${PODS_PODFILE_DIR_PATH}/Podfile.lock",
				"${PODS_ROOT}/Manifest.lock",
			);
			name = "[CP] Check Pods Manifest.lock";
			outputPaths = (
				"$(DERIVED_FILE_DIR)/Pods-ARKIT2.0Tests-checkManifestLockResult.txt",
			);
			runOnlyForDeploymentPostprocessing = 0;
			shellPath = /bin/sh;
			shellScript = "diff \"${PODS_PODFILE_DIR_PATH}/Podfile.lock\" \"${PODS_ROOT}/Manifest.lock\" > /dev/null\nif [ $? != 0 ] ; then\n    # print error to STDERR\n    echo \"error: The sandbox is not in sync with the Podfile.lock. Run 'pod install' or update your CocoaPods installation.\" >&2\n    exit 1\nfi\n# This output is used by Xcode 'outputs' to avoid re-running this script phase.\necho \"SUCCESS\" > \"${SCRIPT_OUTPUT_FILE_0}\"\n";
			showEnvVarsInLog = 0;
		};
/* End PBXShellScriptBuildPhase section */

/* Begin PBXSourcesBuildPhase section */
		8AF1A2C22105A3FB0054C113 /* Sources */ = {
			isa = PBXSourcesBuildPhase;
			buildActionMask = 2147483647;
			files = (
				8AF1A2CC2105A3FB0054C113 /* ViewController.swift in Sources */,
				8AF1A2CA2105A3FB0054C113 /* AppDelegate.swift in Sources */,
			);
			runOnlyForDeploymentPostprocessing = 0;
		};
		8AF1A2D62105A3FC0054C113 /* Sources */ = {
			isa = PBXSourcesBuildPhase;
			buildActionMask = 2147483647;
			files = (
				8AF1A2DF2105A3FC0054C113 /* ARKIT2_0Tests.swift in Sources */,
			);
			runOnlyForDeploymentPostprocessing = 0;
		};
		8AF1A2E12105A3FC0054C113 /* Sources */ = {
			isa = PBXSourcesBuildPhase;
			buildActionMask = 2147483647;
			files = (
				8AF1A2EA2105A3FC0054C113 /* ARKIT2_0UITests.swift in Sources */,
			);
			runOnlyForDeploymentPostprocessing = 0;
		};
/* End PBXSourcesBuildPhase section */

/* Begin PBXTargetDependency section */
		8AF1A2DC2105A3FC0054C113 /* PBXTargetDependency */ = {
			isa = PBXTargetDependency;
			target = 8AF1A2C52105A3FB0054C113 /* ARKIT2.0 */;
			targetProxy = 8AF1A2DB2105A3FC0054C113 /* PBXContainerItemProxy */;
		};
		8AF1A2E72105A3FC0054C113 /* PBXTargetDependency */ = {
			isa = PBXTargetDependency;
			target = 8AF1A2C52105A3FB0054C113 /* ARKIT2.0 */;
			targetProxy = 8AF1A2E62105A3FC0054C113 /* PBXContainerItemProxy */;
		};
/* End PBXTargetDependency section */

/* Begin PBXVariantGroup section */
		8AF1A2CD2105A3FB0054C113 /* Main.storyboard */ = {
			isa = PBXVariantGroup;
			children = (
				8AF1A2CE2105A3FB0054C113 /* Base */,
			);
			name = Main.storyboard;
			sourceTree = "<group>";
		};
		8AF1A2D22105A3FC0054C113 /* LaunchScreen.storyboard */ = {
			isa = PBXVariantGroup;
			children = (
				8AF1A2D32105A3FC0054C113 /* Base */,
			);
			name = LaunchScreen.storyboard;
			sourceTree = "<group>";
		};
/* End PBXVariantGroup section */

/* Begin XCBuildConfiguration section */
		8AF1A2EC2105A3FC0054C113 /* Debug */ = {
			isa = XCBuildConfiguration;
			buildSettings = {
				ALWAYS_SEARCH_USER_PATHS = NO;
				CLANG_ANALYZER_NONNULL = YES;
				CLANG_ANALYZER_NUMBER_OBJECT_CONVERSION = YES_AGGRESSIVE;
				CLANG_CXX_LANGUAGE_STANDARD = "gnu++14";
				CLANG_CXX_LIBRARY = "libc++";
				CLANG_ENABLE_MODULES = YES;
				CLANG_ENABLE_OBJC_ARC = YES;
				CLANG_ENABLE_OBJC_WEAK = YES;
				CLANG_WARN_BLOCK_CAPTURE_AUTORELEASING = YES;
				CLANG_WARN_BOOL_CONVERSION = YES;
				CLANG_WARN_COMMA = YES;
				CLANG_WARN_CONSTANT_CONVERSION = YES;
				CLANG_WARN_DEPRECATED_OBJC_IMPLEMENTATIONS = YES;
				CLANG_WARN_DIRECT_OBJC_ISA_USAGE = YES_ERROR;
				CLANG_WARN_DOCUMENTATION_COMMENTS = YES;
				CLANG_WARN_EMPTY_BODY = YES;
				CLANG_WARN_ENUM_CONVERSION = YES;
				CLANG_WARN_INFINITE_RECURSION = YES;
				CLANG_WARN_INT_CONVERSION = YES;
				CLANG_WARN_NON_LITERAL_NULL_CONVERSION = YES;
				CLANG_WARN_OBJC_IMPLICIT_RETAIN_SELF = YES;
				CLANG_WARN_OBJC_LITERAL_CONVERSION = YES;
				CLANG_WARN_OBJC_ROOT_CLASS = YES_ERROR;
				CLANG_WARN_RANGE_LOOP_ANALYSIS = YES;
				CLANG_WARN_STRICT_PROTOTYPES = YES;
				CLANG_WARN_SUSPICIOUS_MOVE = YES;
				CLANG_WARN_UNGUARDED_AVAILABILITY = YES_AGGRESSIVE;
				CLANG_WARN_UNREACHABLE_CODE = YES;
				CLANG_WARN__DUPLICATE_METHOD_MATCH = YES;
				CODE_SIGN_IDENTITY = "iPhone Developer";
				COPY_PHASE_STRIP = NO;
				DEBUG_INFORMATION_FORMAT = dwarf;
				ENABLE_STRICT_OBJC_MSGSEND = YES;
				ENABLE_TESTABILITY = YES;
				GCC_C_LANGUAGE_STANDARD = gnu11;
				GCC_DYNAMIC_NO_PIC = NO;
				GCC_NO_COMMON_BLOCKS = YES;
				GCC_OPTIMIZATION_LEVEL = 0;
				GCC_PREPROCESSOR_DEFINITIONS = (
					"DEBUG=1",
					"$(inherited)",
				);
				GCC_WARN_64_TO_32_BIT_CONVERSION = YES;
				GCC_WARN_ABOUT_RETURN_TYPE = YES_ERROR;
				GCC_WARN_UNDECLARED_SELECTOR = YES;
				GCC_WARN_UNINITIALIZED_AUTOS = YES_AGGRESSIVE;
				GCC_WARN_UNUSED_FUNCTION = YES;
				GCC_WARN_UNUSED_VARIABLE = YES;
				IPHONEOS_DEPLOYMENT_TARGET = 11.4;
				MTL_ENABLE_DEBUG_INFO = YES;
				ONLY_ACTIVE_ARCH = YES;
				SDKROOT = iphoneos;
				SWIFT_ACTIVE_COMPILATION_CONDITIONS = DEBUG;
				SWIFT_OPTIMIZATION_LEVEL = "-Onone";
			};
			name = Debug;
		};
		8AF1A2ED2105A3FC0054C113 /* Release */ = {
			isa = XCBuildConfiguration;
			buildSettings = {
				ALWAYS_SEARCH_USER_PATHS = NO;
				CLANG_ANALYZER_NONNULL = YES;
				CLANG_ANALYZER_NUMBER_OBJECT_CONVERSION = YES_AGGRESSIVE;
				CLANG_CXX_LANGUAGE_STANDARD = "gnu++14";
				CLANG_CXX_LIBRARY = "libc++";
				CLANG_ENABLE_MODULES = YES;
				CLANG_ENABLE_OBJC_ARC = YES;
				CLANG_ENABLE_OBJC_WEAK = YES;
				CLANG_WARN_BLOCK_CAPTURE_AUTORELEASING = YES;
				CLANG_WARN_BOOL_CONVERSION = YES;
				CLANG_WARN_COMMA = YES;
				CLANG_WARN_CONSTANT_CONVERSION = YES;
				CLANG_WARN_DEPRECATED_OBJC_IMPLEMENTATIONS = YES;
				CLANG_WARN_DIRECT_OBJC_ISA_USAGE = YES_ERROR;
				CLANG_WARN_DOCUMENTATION_COMMENTS = YES;
				CLANG_WARN_EMPTY_BODY = YES;
				CLANG_WARN_ENUM_CONVERSION = YES;
				CLANG_WARN_INFINITE_RECURSION = YES;
				CLANG_WARN_INT_CONVERSION = YES;
				CLANG_WARN_NON_LITERAL_NULL_CONVERSION = YES;
				CLANG_WARN_OBJC_IMPLICIT_RETAIN_SELF = YES;
				CLANG_WARN_OBJC_LITERAL_CONVERSION = YES;
				CLANG_WARN_OBJC_ROOT_CLASS = YES_ERROR;
				CLANG_WARN_RANGE_LOOP_ANALYSIS = YES;
				CLANG_WARN_STRICT_PROTOTYPES = YES;
				CLANG_WARN_SUSPICIOUS_MOVE = YES;
				CLANG_WARN_UNGUARDED_AVAILABILITY = YES_AGGRESSIVE;
				CLANG_WARN_UNREACHABLE_CODE = YES;
				CLANG_WARN__DUPLICATE_METHOD_MATCH = YES;
				CODE_SIGN_IDENTITY = "iPhone Developer";
				COPY_PHASE_STRIP = NO;
				DEBUG_INFORMATION_FORMAT = "dwarf-with-dsym";
				ENABLE_NS_ASSERTIONS = NO;
				ENABLE_STRICT_OBJC_MSGSEND = YES;
				GCC_C_LANGUAGE_STANDARD = gnu11;
				GCC_NO_COMMON_BLOCKS = YES;
				GCC_WARN_64_TO_32_BIT_CONVERSION = YES;
				GCC_WARN_ABOUT_RETURN_TYPE = YES_ERROR;
				GCC_WARN_UNDECLARED_SELECTOR = YES;
				GCC_WARN_UNINITIALIZED_AUTOS = YES_AGGRESSIVE;
				GCC_WARN_UNUSED_FUNCTION = YES;
				GCC_WARN_UNUSED_VARIABLE = YES;
				IPHONEOS_DEPLOYMENT_TARGET = 11.4;
				MTL_ENABLE_DEBUG_INFO = NO;
				SDKROOT = iphoneos;
				SWIFT_COMPILATION_MODE = wholemodule;
				SWIFT_OPTIMIZATION_LEVEL = "-O";
				VALIDATE_PRODUCT = YES;
			};
			name = Release;
		};
		8AF1A2EF2105A3FC0054C113 /* Debug */ = {
			isa = XCBuildConfiguration;
			baseConfigurationReference = EE347C8659D82A5D74185CB0 /* Pods-ARKIT2.0.debug.xcconfig */;
			buildSettings = {
				ASSETCATALOG_COMPILER_APPICON_NAME = AppIcon;
				CODE_SIGN_STYLE = Automatic;
				INFOPLIST_FILE = ARKIT2.0/Info.plist;
				LD_RUNPATH_SEARCH_PATHS = (
					"$(inherited)",
					"@executable_path/Frameworks",
				);
				PRODUCT_BUNDLE_IDENTIFIER = "Sandeep.ARKIT2-0";
				PRODUCT_NAME = "$(TARGET_NAME)";
				SWIFT_VERSION = 4.0;
				TARGETED_DEVICE_FAMILY = "1,2";
			};
			name = Debug;
		};
		8AF1A2F02105A3FC0054C113 /* Release */ = {
			isa = XCBuildConfiguration;
			baseConfigurationReference = 5C420FD8EA3CD1B4179E3846 /* Pods-ARKIT2.0.release.xcconfig */;
			buildSettings = {
				ASSETCATALOG_COMPILER_APPICON_NAME = AppIcon;
				CODE_SIGN_STYLE = Automatic;
				INFOPLIST_FILE = ARKIT2.0/Info.plist;
				LD_RUNPATH_SEARCH_PATHS = (
					"$(inherited)",
					"@executable_path/Frameworks",
				);
				PRODUCT_BUNDLE_IDENTIFIER = "Sandeep.ARKIT2-0";
				PRODUCT_NAME = "$(TARGET_NAME)";
				SWIFT_VERSION = 4.0;
				TARGETED_DEVICE_FAMILY = "1,2";
			};
			name = Release;
		};
		8AF1A2F22105A3FC0054C113 /* Debug */ = {
			isa = XCBuildConfiguration;
			baseConfigurationReference = 53828575D4848ECF96C3749C /* Pods-ARKIT2.0Tests.debug.xcconfig */;
			buildSettings = {
				ALWAYS_EMBED_SWIFT_STANDARD_LIBRARIES = YES;
				BUNDLE_LOADER = "$(TEST_HOST)";
				CODE_SIGN_STYLE = Automatic;
				INFOPLIST_FILE = ARKIT2.0Tests/Info.plist;
				LD_RUNPATH_SEARCH_PATHS = (
					"$(inherited)",
					"@executable_path/Frameworks",
					"@loader_path/Frameworks",
				);
				PRODUCT_BUNDLE_IDENTIFIER = "Sandeep.ARKIT2-0Tests";
				PRODUCT_NAME = "$(TARGET_NAME)";
				SWIFT_VERSION = 4.0;
				TARGETED_DEVICE_FAMILY = "1,2";
				TEST_HOST = "$(BUILT_PRODUCTS_DIR)/ARKIT2.0.app/ARKIT2.0";
			};
			name = Debug;
		};
		8AF1A2F32105A3FC0054C113 /* Release */ = {
			isa = XCBuildConfiguration;
			baseConfigurationReference = 3631B7C75F97225172EE71F7 /* Pods-ARKIT2.0Tests.release.xcconfig */;
			buildSettings = {
				ALWAYS_EMBED_SWIFT_STANDARD_LIBRARIES = YES;
				BUNDLE_LOADER = "$(TEST_HOST)";
				CODE_SIGN_STYLE = Automatic;
				INFOPLIST_FILE = ARKIT2.0Tests/Info.plist;
				LD_RUNPATH_SEARCH_PATHS = (
					"$(inherited)",
					"@executable_path/Frameworks",
					"@loader_path/Frameworks",
				);
				PRODUCT_BUNDLE_IDENTIFIER = "Sandeep.ARKIT2-0Tests";
				PRODUCT_NAME = "$(TARGET_NAME)";
				SWIFT_VERSION = 4.0;
				TARGETED_DEVICE_FAMILY = "1,2";
				TEST_HOST = "$(BUILT_PRODUCTS_DIR)/ARKIT2.0.app/ARKIT2.0";
			};
			name = Release;
		};
		8AF1A2F52105A3FC0054C113 /* Debug */ = {
			isa = XCBuildConfiguration;
			baseConfigurationReference = A9C89509BA7461599FCF2DC5 /* Pods-ARKIT2.0UITests.debug.xcconfig */;
			buildSettings = {
				ALWAYS_EMBED_SWIFT_STANDARD_LIBRARIES = YES;
				CODE_SIGN_STYLE = Automatic;
				INFOPLIST_FILE = ARKIT2.0UITests/Info.plist;
				LD_RUNPATH_SEARCH_PATHS = (
					"$(inherited)",
					"@executable_path/Frameworks",
					"@loader_path/Frameworks",
				);
				PRODUCT_BUNDLE_IDENTIFIER = "Sandeep.ARKIT2-0UITests";
				PRODUCT_NAME = "$(TARGET_NAME)";
				SWIFT_VERSION = 4.0;
				TARGETED_DEVICE_FAMILY = "1,2";
				TEST_TARGET_NAME = ARKIT2.0;
			};
			name = Debug;
		};
		8AF1A2F62105A3FC0054C113 /* Release */ = {
			isa = XCBuildConfiguration;
			baseConfigurationReference = 1D707A74E76E2B5738193753 /* Pods-ARKIT2.0UITests.release.xcconfig */;
			buildSettings = {
				ALWAYS_EMBED_SWIFT_STANDARD_LIBRARIES = YES;
				CODE_SIGN_STYLE = Automatic;
				INFOPLIST_FILE = ARKIT2.0UITests/Info.plist;
				LD_RUNPATH_SEARCH_PATHS = (
					"$(inherited)",
					"@executable_path/Frameworks",
					"@loader_path/Frameworks",
				);
				PRODUCT_BUNDLE_IDENTIFIER = "Sandeep.ARKIT2-0UITests";
				PRODUCT_NAME = "$(TARGET_NAME)";
				SWIFT_VERSION = 4.0;
				TARGETED_DEVICE_FAMILY = "1,2";
				TEST_TARGET_NAME = ARKIT2.0;
			};
			name = Release;
		};
/* End XCBuildConfiguration section */

/* Begin XCConfigurationList section */
		8AF1A2C12105A3FB0054C113 /* Build configuration list for PBXProject "ARKIT2.0" */ = {
			isa = XCConfigurationList;
			buildConfigurations = (
				8AF1A2EC2105A3FC0054C113 /* Debug */,
				8AF1A2ED2105A3FC0054C113 /* Release */,
			);
			defaultConfigurationIsVisible = 0;
			defaultConfigurationName = Release;
		};
		8AF1A2EE2105A3FC0054C113 /* Build configuration list for PBXNativeTarget "ARKIT2.0" */ = {
			isa = XCConfigurationList;
			buildConfigurations = (
				8AF1A2EF2105A3FC0054C113 /* Debug */,
				8AF1A2F02105A3FC0054C113 /* Release */,
			);
			defaultConfigurationIsVisible = 0;
			defaultConfigurationName = Release;
		};
		8AF1A2F12105A3FC0054C113 /* Build configuration list for PBXNativeTarget "ARKIT2.0Tests" */ = {
			isa = XCConfigurationList;
			buildConfigurations = (
				8AF1A2F22105A3FC0054C113 /* Debug */,
				8AF1A2F32105A3FC0054C113 /* Release */,
			);
			defaultConfigurationIsVisible = 0;
			defaultConfigurationName = Release;
		};
		8AF1A2F42105A3FC0054C113 /* Build configuration list for PBXNativeTarget "ARKIT2.0UITests" */ = {
			isa = XCConfigurationList;
			buildConfigurations = (
				8AF1A2F52105A3FC0054C113 /* Debug */,
				8AF1A2F62105A3FC0054C113 /* Release */,
			);
			defaultConfigurationIsVisible = 0;
			defaultConfigurationName = Release;
		};
/* End XCConfigurationList section */
	};
	rootObject = 8AF1A2BE2105A3FB0054C113 /* Project object */;
}
